
Microsoft Visual Studio Solution File, Format Version 12.00
# Visual Studio 15
VisualStudioVersion = 15.0.26430.16
MinimumVisualStudioVersion = 10.0.40219.1
Project("{FAE04EC0-301F-11D3-BF4B-00C04F79EFBC}") = "WebApplication_osnove", "WebApplication_osnove\WebApplication_osnove.csproj", "{B49C5249-41F4-4CCF-8C15-9BCCE487D3A3}"
EndProject
Project("{FAE04EC0-301F-11D3-BF4B-00C04F79EFBC}") = "WebFormsPrimjer", "WebFormsPrimjer\WebFormsPrimjer.csproj", "{E914B88A-9D54-4B45-B71A-469EF2A274C9}"
EndProject
Project("{FAE04EC0-301F-11D3-BF4B-00C04F79EFBC}") = "HelloWorld", "HelloWorld\HelloWorld.csproj", "{70E05C3E-E1A2-4795-B3D1-A1FCAA22DD9A}"
EndProject
Project("{FAE04EC0-301F-11D3-BF4B-00C04F79EFBC}") = "4.2.1_Narudzbaartikla", "4.2.1_Narudzbaartikla\4.2.1_Narudzbaartikla.csproj", "{C183C361-F558-4FEF-AD08-EA11239F30DF}"
EndProject
Project("{FAE04EC0-301F-11D3-BF4B-00C04F79EFBC}") = "projekt_5_3_vj", "projekt_5_3_vj\projekt_5_3_vj.csproj", "{1BD9528A-FAD2-4E52-AD2A-48D91BB081A6}"
EndProject
Project("{FAE04EC0-301F-11D3-BF4B-00C04F79EFBC}") = "5_5_vj", "5_5_vj\5_5_vj.csproj", "{EBF586E0-9478-4421-AE31-F73BF0618031}"
EndProject
Project("{FAE04EC0-301F-11D3-BF4B-00C04F79EFBC}") = "7.1.1_izdavanje_racuna", "7.1.1_izdavanje_racuna\7.1.1_izdavanje_racuna.csproj", "{151C8BAB-1530-4C16-8BE5-FF519901EEB3}"
EndProject
Project("{FAE04EC0-301F-11D3-BF4B-00C04F79EFBC}") = "ado_net_spajanje_na_bazu", "ado_net_spajanje_na_bazu\ado_net_spajanje_na_bazu.csproj", "{EC47BDB4-DABD-47B8-91AC-D4649F945CA7}"
EndProject
Project("{FAE04EC0-301F-11D3-BF4B-00C04F79EFBC}") = "ADO_NET_Komponente", "ADO_NET_Komponente\ADO_NET_Komponente.csproj", "{41DEFB88-17F3-4DAF-88DC-772EFEE0392E}"
EndProject
Global
	GlobalSection(SolutionConfigurationPlatforms) = preSolution
		Debug|Any CPU = Debug|Any CPU
		Release|Any CPU = Release|Any CPU
	EndGlobalSection
	GlobalSection(ProjectConfigurationPlatforms) = postSolution
		{B49C5249-41F4-4CCF-8C15-9BCCE487D3A3}.Debug|Any CPU.ActiveCfg = Debug|Any CPU
		{B49C5249-41F4-4CCF-8C15-9BCCE487D3A3}.Debug|Any CPU.Build.0 = Debug|Any CPU
		{B49C5249-41F4-4CCF-8C15-9BCCE487D3A3}.Release|Any CPU.ActiveCfg = Release|Any CPU
		{B49C5249-41F4-4CCF-8C15-9BCCE487D3A3}.Release|Any CPU.Build.0 = Release|Any CPU
		{E914B88A-9D54-4B45-B71A-469EF2A274C9}.Debug|Any CPU.ActiveCfg = Debug|Any CPU
		{E914B88A-9D54-4B45-B71A-469EF2A274C9}.Debug|Any CPU.Build.0 = Debug|Any CPU
		{E914B88A-9D54-4B45-B71A-469EF2A274C9}.Release|Any CPU.ActiveCfg = Release|Any CPU
		{E914B88A-9D54-4B45-B71A-469EF2A274C9}.Release|Any CPU.Build.0 = Release|Any CPU
		{70E05C3E-E1A2-4795-B3D1-A1FCAA22DD9A}.Debug|Any CPU.ActiveCfg = Debug|Any CPU
		{70E05C3E-E1A2-4795-B3D1-A1FCAA22DD9A}.Debug|Any CPU.Build.0 = Debug|Any CPU
		{70E05C3E-E1A2-4795-B3D1-A1FCAA22DD9A}.Release|Any CPU.ActiveCfg = Release|Any CPU
		{70E05C3E-E1A2-4795-B3D1-A1FCAA22DD9A}.Release|Any CPU.Build.0 = Release|Any CPU
		{C183C361-F558-4FEF-AD08-EA11239F30DF}.Debug|Any CPU.ActiveCfg = Debug|Any CPU
		{C183C361-F558-4FEF-AD08-EA11239F30DF}.Debug|Any CPU.Build.0 = Debug|Any CPU
		{C183C361-F558-4FEF-AD08-EA11239F30DF}.Release|Any CPU.ActiveCfg = Release|Any CPU
		{C183C361-F558-4FEF-AD08-EA11239F30DF}.Release|Any CPU.Build.0 = Release|Any CPU
		{1BD9528A-FAD2-4E52-AD2A-48D91BB081A6}.Debug|Any CPU.ActiveCfg = Debug|Any CPU
		{1BD9528A-FAD2-4E52-AD2A-48D91BB081A6}.Debug|Any CPU.Build.0 = Debug|Any CPU
		{1BD9528A-FAD2-4E52-AD2A-48D91BB081A6}.Release|Any CPU.ActiveCfg = Release|Any CPU
		{1BD9528A-FAD2-4E52-AD2A-48D91BB081A6}.Release|Any CPU.Build.0 = Release|Any CPU
		{EBF586E0-9478-4421-AE31-F73BF0618031}.Debug|Any CPU.ActiveCfg = Debug|Any CPU
		{EBF586E0-9478-4421-AE31-F73BF0618031}.Debug|Any CPU.Build.0 = Debug|Any CPU
		{EBF586E0-9478-4421-AE31-F73BF0618031}.Release|Any CPU.ActiveCfg = Release|Any CPU
		{EBF586E0-9478-4421-AE31-F73BF0618031}.Release|Any CPU.Build.0 = Release|Any CPU
		{151C8BAB-1530-4C16-8BE5-FF519901EEB3}.Debug|Any CPU.ActiveCfg = Debug|Any CPU
		{151C8BAB-1530-4C16-8BE5-FF519901EEB3}.Debug|Any CPU.Build.0 = Debug|Any CPU
		{151C8BAB-1530-4C16-8BE5-FF519901EEB3}.Release|Any CPU.ActiveCfg = Release|Any CPU
		{151C8BAB-1530-4C16-8BE5-FF519901EEB3}.Release|Any CPU.Build.0 = Release|Any CPU
		{EC47BDB4-DABD-47B8-91AC-D4649F945CA7}.Debug|Any CPU.ActiveCfg = Debug|Any CPU
		{EC47BDB4-DABD-47B8-91AC-D4649F945CA7}.Debug|Any CPU.Build.0 = Debug|Any CPU
		{EC47BDB4-DABD-47B8-91AC-D4649F945CA7}.Release|Any CPU.ActiveCfg = Release|Any CPU
		{EC47BDB4-DABD-47B8-91AC-D4649F945CA7}.Release|Any CPU.Build.0 = Release|Any CPU
		{41DEFB88-17F3-4DAF-88DC-772EFEE0392E}.Debug|Any CPU.ActiveCfg = Debug|Any CPU
		{41DEFB88-17F3-4DAF-88DC-772EFEE0392E}.Debug|Any CPU.Build.0 = Debug|Any CPU
		{41DEFB88-17F3-4DAF-88DC-772EFEE0392E}.Release|Any CPU.ActiveCfg = Release|Any CPU
		{41DEFB88-17F3-4DAF-88DC-772EFEE0392E}.Release|Any CPU.Build.0 = Release|Any CPU
	EndGlobalSection
	GlobalSection(SolutionProperties) = preSolution
		HideSolutionNode = FALSE
	EndGlobalSection
	GlobalSection(ExtensibilityGlobals) = postSolution
		SolutionGuid = {9645ABE9-CCF0-41EC-B57E-C4C0CC681950}
	EndGlobalSection
EndGlobal
